
Microsoft Visual Studio Solution File, Format Version 12.00
# Visual Studio Version 17
VisualStudioVersion = 17.2.32602.215
MinimumVisualStudioVersion = 10.0.40219.1
Project("{FAE04EC0-301F-11D3-BF4B-00C04F79EFBC}") = "Extra_1", "Extra_1.csproj", "{09D02B5A-77F6-4C49-84D6-283C090464CC}"
EndProject
Global
	GlobalSection(SolutionConfigurationPlatforms) = preSolution
		Debug|Any CPU = Debug|Any CPU
		Release|Any CPU = Release|Any CPU
	EndGlobalSection
	GlobalSection(ProjectConfigurationPlatforms) = postSolution
		{09D02B5A-77F6-4C49-84D6-283C090464CC}.Debug|Any CPU.ActiveCfg = Debug|Any CPU
		{09D02B5A-77F6-4C49-84D6-283C090464CC}.Debug|Any CPU.Build.0 = Debug|Any CPU
		{09D02B5A-77F6-4C49-84D6-283C090464CC}.Release|Any CPU.ActiveCfg = Release|Any CPU
		{09D02B5A-77F6-4C49-84D6-283C090464CC}.Release|Any CPU.Build.0 = Release|Any CPU
	EndGlobalSection
	GlobalSection(SolutionProperties) = preSolution
		HideSolutionNode = FALSE
	EndGlobalSection
	GlobalSection(ExtensibilityGlobals) = postSolution
		SolutionGuid = {7DAE0990-B094-421F-90DB-FCE57EC432B1}
	EndGlobalSection
EndGlobal
