
Microsoft Visual Studio Solution File, Format Version 12.00
# Visual Studio Version 17
VisualStudioVersion = 17.2.32602.215
MinimumVisualStudioVersion = 10.0.40219.1
Project("{FAE04EC0-301F-11D3-BF4B-00C04F79EFBC}") = "Extra_3", "Extra_3.csproj", "{5332F3B5-FF51-40DA-9BD6-A1159BDC0EB9}"
EndProject
Global
	GlobalSection(SolutionConfigurationPlatforms) = preSolution
		Debug|Any CPU = Debug|Any CPU
		Release|Any CPU = Release|Any CPU
	EndGlobalSection
	GlobalSection(ProjectConfigurationPlatforms) = postSolution
		{5332F3B5-FF51-40DA-9BD6-A1159BDC0EB9}.Debug|Any CPU.ActiveCfg = Debug|Any CPU
		{5332F3B5-FF51-40DA-9BD6-A1159BDC0EB9}.Debug|Any CPU.Build.0 = Debug|Any CPU
		{5332F3B5-FF51-40DA-9BD6-A1159BDC0EB9}.Release|Any CPU.ActiveCfg = Release|Any CPU
		{5332F3B5-FF51-40DA-9BD6-A1159BDC0EB9}.Release|Any CPU.Build.0 = Release|Any CPU
	EndGlobalSection
	GlobalSection(SolutionProperties) = preSolution
		HideSolutionNode = FALSE
	EndGlobalSection
	GlobalSection(ExtensibilityGlobals) = postSolution
		SolutionGuid = {09268E16-D8F5-4DAA-AFB6-AC4CFC24A95C}
	EndGlobalSection
EndGlobal
